
Microsoft Visual Studio Solution File, Format Version 12.00
# Visual Studio Version 16
VisualStudioVersion = 16.0.31702.278
MinimumVisualStudioVersion = 10.0.40219.1
Project("{FAE04EC0-301F-11D3-BF4B-00C04F79EFBC}") = "ImageRec_Rest", "ImageRec_Rest.csproj", "{62CB2E9C-4098-44AF-A626-C40ABEA5BCB0}"
EndProject
Global
	GlobalSection(SolutionConfigurationPlatforms) = preSolution
		Debug|Any CPU = Debug|Any CPU
		Release|Any CPU = Release|Any CPU
	EndGlobalSection
	GlobalSection(ProjectConfigurationPlatforms) = postSolution
		{62CB2E9C-4098-44AF-A626-C40ABEA5BCB0}.Debug|Any CPU.ActiveCfg = Debug|Any CPU
		{62CB2E9C-4098-44AF-A626-C40ABEA5BCB0}.Debug|Any CPU.Build.0 = Debug|Any CPU
		{62CB2E9C-4098-44AF-A626-C40ABEA5BCB0}.Release|Any CPU.ActiveCfg = Release|Any CPU
		{62CB2E9C-4098-44AF-A626-C40ABEA5BCB0}.Release|Any CPU.Build.0 = Release|Any CPU
	EndGlobalSection
	GlobalSection(SolutionProperties) = preSolution
		HideSolutionNode = FALSE
	EndGlobalSection
	GlobalSection(ExtensibilityGlobals) = postSolution
		SolutionGuid = {E499063D-698A-463A-BA46-206E7907A884}
	EndGlobalSection
EndGlobal
